
Microsoft Visual Studio Solution File, Format Version 12.00
# Visual Studio Version 17
VisualStudioVersion = 17.11.35303.130
MinimumVisualStudioVersion = 10.0.40219.1
Project("{FAE04EC0-301F-11D3-BF4B-00C04F79EFBC}") = "MyWebApp_MVC", "MyWebApp_MVC.csproj", "{7F685594-5551-47D4-BBAC-356340E94CEA}"
EndProject
Global
	GlobalSection(SolutionConfigurationPlatforms) = preSolution
		Debug|Any CPU = Debug|Any CPU
		Release|Any CPU = Release|Any CPU
	EndGlobalSection
	GlobalSection(ProjectConfigurationPlatforms) = postSolution
		{7F685594-5551-47D4-BBAC-356340E94CEA}.Debug|Any CPU.ActiveCfg = Debug|Any CPU
		{7F685594-5551-47D4-BBAC-356340E94CEA}.Debug|Any CPU.Build.0 = Debug|Any CPU
		{7F685594-5551-47D4-BBAC-356340E94CEA}.Release|Any CPU.ActiveCfg = Release|Any CPU
		{7F685594-5551-47D4-BBAC-356340E94CEA}.Release|Any CPU.Build.0 = Release|Any CPU
	EndGlobalSection
	GlobalSection(SolutionProperties) = preSolution
		HideSolutionNode = FALSE
	EndGlobalSection
	GlobalSection(ExtensibilityGlobals) = postSolution
		SolutionGuid = {5B22226C-5344-40F6-8917-C26EE753F096}
	EndGlobalSection
EndGlobal
